
Microsoft Visual Studio Solution File, Format Version 12.00
# Visual Studio 2012
Project("{FAE04EC0-301F-11D3-BF4B-00C04F79EFBC}") = "Lesson03", "Lesson03\Lesson03.csproj", "{B4EBD2F3-6899-44C0-A8D5-8F2D61D838D9}"
EndProject
Project("{FAE04EC0-301F-11D3-BF4B-00C04F79EFBC}") = "Lesson03Test", "Lesson03Test\Lesson03Test.csproj", "{DD0BEA7F-D47E-48E9-B46A-5FCB8CAE5CB9}"
EndProject
Global
	GlobalSection(SolutionConfigurationPlatforms) = preSolution
		Debug|Any CPU = Debug|Any CPU
		Release|Any CPU = Release|Any CPU
	EndGlobalSection
	GlobalSection(ProjectConfigurationPlatforms) = postSolution
		{B4EBD2F3-6899-44C0-A8D5-8F2D61D838D9}.Debug|Any CPU.ActiveCfg = Debug|Any CPU
		{B4EBD2F3-6899-44C0-A8D5-8F2D61D838D9}.Debug|Any CPU.Build.0 = Debug|Any CPU
		{B4EBD2F3-6899-44C0-A8D5-8F2D61D838D9}.Release|Any CPU.ActiveCfg = Release|Any CPU
		{B4EBD2F3-6899-44C0-A8D5-8F2D61D838D9}.Release|Any CPU.Build.0 = Release|Any CPU
		{DD0BEA7F-D47E-48E9-B46A-5FCB8CAE5CB9}.Debug|Any CPU.ActiveCfg = Debug|Any CPU
		{DD0BEA7F-D47E-48E9-B46A-5FCB8CAE5CB9}.Debug|Any CPU.Build.0 = Debug|Any CPU
		{DD0BEA7F-D47E-48E9-B46A-5FCB8CAE5CB9}.Release|Any CPU.ActiveCfg = Release|Any CPU
		{DD0BEA7F-D47E-48E9-B46A-5FCB8CAE5CB9}.Release|Any CPU.Build.0 = Release|Any CPU
	EndGlobalSection
	GlobalSection(SolutionProperties) = preSolution
		HideSolutionNode = FALSE
	EndGlobalSection
EndGlobal
